// !$*UTF8*$!
{
	archiveVersion = 1;
	classes = {
	};
	objectVersion = 46;
	objects = {

/* Begin PBXBuildFile section */
		3530F7C71CC0C17A00D396BD /* main.m in Sources */ = {isa = PBXBuildFile; fileRef = 3530F7C61CC0C17A00D396BD /* main.m */; };
		3530F7CA1CC0C17A00D396BD /* AppDelegate.m in Sources */ = {isa = PBXBuildFile; fileRef = 3530F7C91CC0C17A00D396BD /* AppDelegate.m */; };
		3530F7CD1CC0C17A00D396BD /* ViewController.m in Sources */ = {isa = PBXBuildFile; fileRef = 3530F7CC1CC0C17A00D396BD /* ViewController.m */; };
		3530F7D01CC0C17A00D396BD /* Main.storyboard in Resources */ = {isa = PBXBuildFile; fileRef = 3530F7CE1CC0C17A00D396BD /* Main.storyboard */; };
		3530F7D21CC0C17A00D396BD /* Assets.xcassets in Resources */ = {isa = PBXBuildFile; fileRef = 3530F7D11CC0C17A00D396BD /* Assets.xcassets */; };
		3530F7D51CC0C17A00D396BD /* LaunchScreen.storyboard in Resources */ = {isa = PBXBuildFile; fileRef = 3530F7D31CC0C17A00D396BD /* LaunchScreen.storyboard */; };
		3530F7DE1CC0C18B00D396BD /* DKDropDownMenu.m in Sources */ = {isa = PBXBuildFile; fileRef = 3530F7DD1CC0C18B00D396BD /* DKDropDownMenu.m */; };
/* End PBXBuildFile section */

/* Begin PBXFileReference section */
		3530F7C21CC0C17A00D396BD /* DKDropDownMenu.app */ = {isa = PBXFileReference; explicitFileType = wrapper.application; includeInIndex = 0; path = DKDropDownMenu.app; sourceTree = BUILT_PRODUCTS_DIR; };
		3530F7C61CC0C17A00D396BD /* main.m */ = {isa = PBXFileReference; lastKnownFileType = sourcecode.c.objc; path = main.m; sourceTree = "<group>"; };
		3530F7C81CC0C17A00D396BD /* AppDelegate.h */ = {isa = PBXFileReference; lastKnownFileType = sourcecode.c.h; path = AppDelegate.h; sourceTree = "<group>"; };
		3530F7C91CC0C17A00D396BD /* AppDelegate.m */ = {isa = PBXFileReference; lastKnownFileType = sourcecode.c.objc; path = AppDelegate.m; sourceTree = "<group>"; };
		3530F7CB1CC0C17A00D396BD /* ViewController.h */ = {isa = PBXFileReference; lastKnownFileType = sourcecode.c.h; path = ViewController.h; sourceTree = "<group>"; };
		3530F7CC1CC0C17A00D396BD /* ViewController.m */ = {isa = PBXFileReference; lastKnownFileType = sourcecode.c.objc; path = ViewController.m; sourceTree = "<group>"; };
		3530F7CF1CC0C17A00D396BD /* Base */ = {isa = PBXFileReference; lastKnownFileType = file.storyboard; name = Base; path = Base.lproj/Main.storyboard; sourceTree = "<group>"; };
		3530F7D11CC0C17A00D396BD /* Assets.xcassets */ = {isa = PBXFileReference; lastKnownFileType = folder.assetcatalog; path = Assets.xcassets; sourceTree = "<group>"; };
		3530F7D41CC0C17A00D396BD /* Base */ = {isa = PBXFileReference; lastKnownFileType = file.storyboard; name = Base; path = Base.lproj/LaunchScreen.storyboard; sourceTree = "<group>"; };
		3530F7D61CC0C17A00D396BD /* Info.plist */ = {isa = PBXFileReference; lastKnownFileType = text.plist.xml; path = Info.plist; sourceTree = "<group>"; };
		3530F7DC1CC0C18B00D396BD /* DKDropDownMenu.h */ = {isa = PBXFileReference; fileEncoding = 4; lastKnownFileType = sourcecode.c.h; path = DKDropDownMenu.h; sourceTree = "<group>"; };
		3530F7DD1CC0C18B00D396BD /* DKDropDownMenu.m */ = {isa = PBXFileReference; fileEncoding = 4; lastKnownFileType = sourcecode.c.objc; path = DKDropDownMenu.m; sourceTree = "<group>"; };
/* End PBXFileReference section */

/* Begin PBXFrameworksBuildPhase section */
		3530F7BF1CC0C17A00D396BD /* Frameworks */ = {
			isa = PBXFrameworksBuildPhase;
			buildActionMask = 2147483647;
			files = (
			);
			runOnlyForDeploymentPostprocessing = 0;
		};
/* End PBXFrameworksBuildPhase section */

/* Begin PBXGroup section */
		3530F7B91CC0C17A00D396BD = {
			isa = PBXGroup;
			children = (
				3530F7C41CC0C17A00D396BD /* DKDropDownMenu */,
				3530F7C31CC0C17A00D396BD /* Products */,
			);
			sourceTree = "<group>";
		};
		3530F7C31CC0C17A00D396BD /* Products */ = {
			isa = PBXGroup;
			children = (
				3530F7C21CC0C17A00D396BD /* DKDropDownMenu.app */,
			);
			name = Products;
			sourceTree = "<group>";
		};
		3530F7C41CC0C17A00D396BD /* DKDropDownMenu */ = {
			isa = PBXGroup;
			children = (
				3530F7C81CC0C17A00D396BD /* AppDelegate.h */,
				3530F7C91CC0C17A00D396BD /* AppDelegate.m */,
				3530F7CB1CC0C17A00D396BD /* ViewController.h */,
				3530F7CC1CC0C17A00D396BD /* ViewController.m */,
				3530F7DC1CC0C18B00D396BD /* DKDropDownMenu.h */,
				3530F7DD1CC0C18B00D396BD /* DKDropDownMenu.m */,
				3530F7CE1CC0C17A00D396BD /* Main.storyboard */,
				3530F7D11CC0C17A00D396BD /* Assets.xcassets */,
				3530F7D31CC0C17A00D396BD /* LaunchScreen.storyboard */,
				3530F7D61CC0C17A00D396BD /* Info.plist */,
				3530F7C51CC0C17A00D396BD /* Supporting Files */,
			);
			path = DKDropDownMenu;
			sourceTree = "<group>";
		};
		3530F7C51CC0C17A00D396BD /* Supporting Files */ = {
			isa = PBXGroup;
			children = (
				3530F7C61CC0C17A00D396BD /* main.m */,
			);
			name = "Supporting Files";
			sourceTree = "<group>";
		};
/* End PBXGroup section */

/* Begin PBXNativeTarget section */
		3530F7C11CC0C17A00D396BD /* DKDropDownMenu */ = {
			isa = PBXNativeTarget;
			buildConfigurationList = 3530F7D91CC0C17A00D396BD /* Build configuration list for PBXNativeTarget "DKDropDownMenu" */;
			buildPhases = (
				3530F7BE1CC0C17A00D396BD /* Sources */,
				3530F7BF1CC0C17A00D396BD /* Frameworks */,
				3530F7C01CC0C17A00D396BD /* Resources */,
			);
			buildRules = (
			);
			dependencies = (
			);
			name = DKDropDownMenu;
			productName = DKDropDownMenu;
			productReference = 3530F7C21CC0C17A00D396BD /* DKDropDownMenu.app */;
			productType = "com.apple.product-type.application";
		};
/* End PBXNativeTarget section */

/* Begin PBXProject section */
		3530F7BA1CC0C17A00D396BD /* Project object */ = {
			isa = PBXProject;
			attributes = {
				LastUpgradeCheck = 0730;
				ORGANIZATIONNAME = dankal;
				TargetAttributes = {
					3530F7C11CC0C17A00D396BD = {
						CreatedOnToolsVersion = 7.3;
					};
				};
			};
			buildConfigurationList = 3530F7BD1CC0C17A00D396BD /* Build configuration list for PBXProject "DKDropDownMenu" */;
			compatibilityVersion = "Xcode 3.2";
			developmentRegion = English;
			hasScannedForEncodings = 0;
			knownRegions = (
				en,
				Base,
			);
			mainGroup = 3530F7B91CC0C17A00D396BD;
			productRefGroup = 3530F7C31CC0C17A00D396BD /* Products */;
			projectDirPath = "";
			projectRoot = "";
			targets = (
				3530F7C11CC0C17A00D396BD /* DKDropDownMenu */,
			);
		};
/* End PBXProject section */

/* Begin PBXResourcesBuildPhase section */
		3530F7C01CC0C17A00D396BD /* Resources */ = {
			isa = PBXResourcesBuildPhase;
			buildActionMask = 2147483647;
			files = (
				3530F7D51CC0C17A00D396BD /* LaunchScreen.storyboard in Resources */,
				3530F7D21CC0C17A00D396BD /* Assets.xcassets in Resources */,
				3530F7D01CC0C17A00D396BD /* Main.storyboard in Resources */,
			);
			runOnlyForDeploymentPostprocessing = 0;
		};
/* End PBXResourcesBuildPhase section */

/* Begin PBXSourcesBuildPhase section */
		3530F7BE1CC0C17A00D396BD /* Sources */ = {
			isa = PBXSourcesBuildPhase;
			buildActionMask = 2147483647;
			files = (
				3530F7DE1CC0C18B00D396BD /* DKDropDownMenu.m in Sources */,
				3530F7CD1CC0C17A00D396BD /* ViewController.m in Sources */,
				3530F7CA1CC0C17A00D396BD /* AppDelegate.m in Sources */,
				3530F7C71CC0C17A00D396BD /* main.m in Sources */,
			);
			runOnlyForDeploymentPostprocessing = 0;
		};
/* End PBXSourcesBuildPhase section */

/* Begin PBXVariantGroup section */
		3530F7CE1CC0C17A00D396BD /* Main.storyboard */ = {
			isa = PBXVariantGroup;
			children = (
				3530F7CF1CC0C17A00D396BD /* Base */,
			);
			name = Main.storyboard;
			sourceTree = "<group>";
		};
		3530F7D31CC0C17A00D396BD /* LaunchScreen.storyboard */ = {
			isa = PBXVariantGroup;
			children = (
				3530F7D41CC0C17A00D396BD /* Base */,
			);
			name = LaunchScreen.storyboard;
			sourceTree = "<group>";
		};
/* End PBXVariantGroup section */

/* Begin XCBuildConfiguration section */
		3530F7D71CC0C17A00D396BD /* Debug */ = {
			isa = XCBuildConfiguration;
			buildSettings = {
				ALWAYS_SEARCH_USER_PATHS = NO;
				CLANG_ANALYZER_NONNULL = YES;
				CLANG_CXX_LANGUAGE_STANDARD = "gnu++0x";
				CLANG_CXX_LIBRARY = "libc++";
				CLANG_ENABLE_MODULES = YES;
				CLANG_ENABLE_OBJC_ARC = YES;
				CLANG_WARN_BOOL_CONVERSION = YES;
				CLANG_WARN_CONSTANT_CONVERSION = YES;
				CLANG_WARN_DIRECT_OBJC_ISA_USAGE = YES_ERROR;
				CLANG_WARN_EMPTY_BODY = YES;
				CLANG_WARN_ENUM_CONVERSION = YES;
				CLANG_WARN_INT_CONVERSION = YES;
				CLANG_WARN_OBJC_ROOT_CLASS = YES_ERROR;
				CLANG_WARN_UNREACHABLE_CODE = YES;
				CLANG_WARN__DUPLICATE_METHOD_MATCH = YES;
				"CODE_SIGN_IDENTITY[sdk=iphoneos*]" = "iPhone Developer";
				COPY_PHASE_STRIP = NO;
				DEBUG_INFORMATION_FORMAT = dwarf;
				ENABLE_STRICT_OBJC_MSGSEND = YES;
				ENABLE_TESTABILITY = YES;
				GCC_C_LANGUAGE_STANDARD = gnu99;
				GCC_DYNAMIC_NO_PIC = NO;
				GCC_NO_COMMON_BLOCKS = YES;
				GCC_OPTIMIZATION_LEVEL = 0;
				GCC_PREPROCESSOR_DEFINITIONS = (
					"DEBUG=1",
					"$(inherited)",
				);
				GCC_WARN_64_TO_32_BIT_CONVERSION = YES;
				GCC_WARN_ABOUT_RETURN_TYPE = YES_ERROR;
				GCC_WARN_UNDECLARED_SELECTOR = YES;
				GCC_WARN_UNINITIALIZED_AUTOS = YES_AGGRESSIVE;
				GCC_WARN_UNUSED_FUNCTION = YES;
				GCC_WARN_UNUSED_VARIABLE = YES;
				IPHONEOS_DEPLOYMENT_TARGET = 9.3;
				MTL_ENABLE_DEBUG_INFO = YES;
				ONLY_ACTIVE_ARCH = YES;
				SDKROOT = iphoneos;
				TARGETED_DEVICE_FAMILY = "1,2";
			};
			name = Debug;
		};
		3530F7D81CC0C17A00D396BD /* Release */ = {
			isa = XCBuildConfiguration;
			buildSettings = {
				ALWAYS_SEARCH_USER_PATHS = NO;
				CLANG_ANALYZER_NONNULL = YES;
				CLANG_CXX_LANGUAGE_STANDARD = "gnu++0x";
				CLANG_CXX_LIBRARY = "libc++";
				CLANG_ENABLE_MODULES = YES;
				CLANG_ENABLE_OBJC_ARC = YES;
				CLANG_WARN_BOOL_CONVERSION = YES;
				CLANG_WARN_CONSTANT_CONVERSION = YES;
				CLANG_WARN_DIRECT_OBJC_ISA_USAGE = YES_ERROR;
				CLANG_WARN_EMPTY_BODY = YES;
				CLANG_WARN_ENUM_CONVERSION = YES;
				CLANG_WARN_INT_CONVERSION = YES;
				CLANG_WARN_OBJC_ROOT_CLASS = YES_ERROR;
				CLANG_WARN_UNREACHABLE_CODE = YES;
				CLANG_WARN__DUPLICATE_METHOD_MATCH = YES;
				"CODE_SIGN_IDENTITY[sdk=iphoneos*]" = "iPhone Developer";
				COPY_PHASE_STRIP = NO;
				DEBUG_INFORMATION_FORMAT = "dwarf-with-dsym";
				ENABLE_NS_ASSERTIONS = NO;
				ENABLE_STRICT_OBJC_MSGSEND = YES;
				GCC_C_LANGUAGE_STANDARD = gnu99;
				GCC_NO_COMMON_BLOCKS = YES;
				GCC_WARN_64_TO_32_BIT_CONVERSION = YES;
				GCC_WARN_ABOUT_RETURN_TYPE = YES_ERROR;
				GCC_WARN_UNDECLARED_SELECTOR = YES;
				GCC_WARN_UNINITIALIZED_AUTOS = YES_AGGRESSIVE;
				GCC_WARN_UNUSED_FUNCTION = YES;
				GCC_WARN_UNUSED_VARIABLE = YES;
				IPHONEOS_DEPLOYMENT_TARGET = 9.3;
				MTL_ENABLE_DEBUG_INFO = NO;
				SDKROOT = iphoneos;
				TARGETED_DEVICE_FAMILY = "1,2";
				VALIDATE_PRODUCT = YES;
			};
			name = Release;
		};
		3530F7DA1CC0C17A00D396BD /* Debug */ = {
			isa = XCBuildConfiguration;
			buildSettings = {
				ASSETCATALOG_COMPILER_APPICON_NAME = AppIcon;
				INFOPLIST_FILE = DKDropDownMenu/Info.plist;
				LD_RUNPATH_SEARCH_PATHS = "$(inherited) @executable_path/Frameworks";
				PRODUCT_BUNDLE_IDENTIFIER = cn.dankal.DKDropDownMenu;
				PRODUCT_NAME = "$(TARGET_NAME)";
			};
			name = Debug;
		};
		3530F7DB1CC0C17A00D396BD /* Release */ = {
			isa = XCBuildConfiguration;
			buildSettings = {
				ASSETCATALOG_COMPILER_APPICON_NAME = AppIcon;
				INFOPLIST_FILE = DKDropDownMenu/Info.plist;
				LD_RUNPATH_SEARCH_PATHS = "$(inherited) @executable_path/Frameworks";
				PRODUCT_BUNDLE_IDENTIFIER = cn.dankal.DKDropDownMenu;
				PRODUCT_NAME = "$(TARGET_NAME)";
			};
			name = Release;
		};
/* End XCBuildConfiguration section */

/* Begin XCConfigurationList section */
		3530F7BD1CC0C17A00D396BD /* Build configuration list for PBXProject "DKDropDownMenu" */ = {
			isa = XCConfigurationList;
			buildConfigurations = (
				3530F7D71CC0C17A00D396BD /* Debug */,
				3530F7D81CC0C17A00D396BD /* Release */,
			);
			defaultConfigurationIsVisible = 0;
			defaultConfigurationName = Release;
		};
		3530F7D91CC0C17A00D396BD /* Build configuration list for PBXNativeTarget "DKDropDownMenu" */ = {
			isa = XCConfigurationList;
			buildConfigurations = (
				3530F7DA1CC0C17A00D396BD /* Debug */,
				3530F7DB1CC0C17A00D396BD /* Release */,
			);
			defaultConfigurationIsVisible = 0;
		};
/* End XCConfigurationList section */
	};
	rootObject = 3530F7BA1CC0C17A00D396BD /* Project object */;
}
